
Microsoft Visual Studio Solution File, Format Version 12.00
# Visual Studio Version 17
VisualStudioVersion = 17.5.002.0
MinimumVisualStudioVersion = 10.0.40219.1
Project("{9A19103F-16F7-4668-BE54-9A1E7A4F7556}") = "Aula3", "Aula3.csproj", "{C47694CA-CC26-430D-A780-8BBF2B792502}"
EndProject
Global
	GlobalSection(SolutionConfigurationPlatforms) = preSolution
		Debug|Any CPU = Debug|Any CPU
		Release|Any CPU = Release|Any CPU
	EndGlobalSection
	GlobalSection(ProjectConfigurationPlatforms) = postSolution
		{C47694CA-CC26-430D-A780-8BBF2B792502}.Debug|Any CPU.ActiveCfg = Debug|Any CPU
		{C47694CA-CC26-430D-A780-8BBF2B792502}.Debug|Any CPU.Build.0 = Debug|Any CPU
		{C47694CA-CC26-430D-A780-8BBF2B792502}.Release|Any CPU.ActiveCfg = Release|Any CPU
		{C47694CA-CC26-430D-A780-8BBF2B792502}.Release|Any CPU.Build.0 = Release|Any CPU
	EndGlobalSection
	GlobalSection(SolutionProperties) = preSolution
		HideSolutionNode = FALSE
	EndGlobalSection
	GlobalSection(ExtensibilityGlobals) = postSolution
		SolutionGuid = {68CA6B14-F348-4DBB-9B3C-964B75556258}
	EndGlobalSection
EndGlobal
